
Microsoft Visual Studio Solution File, Format Version 12.00
# Visual Studio Version 17
VisualStudioVersion = 17.8.34525.116
MinimumVisualStudioVersion = 10.0.40219.1
Project("{FAE04EC0-301F-11D3-BF4B-00C04F79EFBC}") = "ExcelWebApp", "ExcelWebApp\ExcelWebApp.csproj", "{3FBAA1B7-8700-4858-AA08-EDE3352F0812}"
EndProject
Project("{FAE04EC0-301F-11D3-BF4B-00C04F79EFBC}") = "DataAccess", "DataAccess\DataAccess.csproj", "{8EA3BC64-8F30-442B-92F9-E2C0EE45FE3E}"
EndProject
Project("{FAE04EC0-301F-11D3-BF4B-00C04F79EFBC}") = "BusinessLayer", "BusinessLayer\BusinessLayer.csproj", "{2B63D38A-079E-451E-9D6A-E1551A2F3961}"
EndProject
Global
	GlobalSection(SolutionConfigurationPlatforms) = preSolution
		Debug|Any CPU = Debug|Any CPU
		Release|Any CPU = Release|Any CPU
	EndGlobalSection
	GlobalSection(ProjectConfigurationPlatforms) = postSolution
		{3FBAA1B7-8700-4858-AA08-EDE3352F0812}.Debug|Any CPU.ActiveCfg = Debug|Any CPU
		{3FBAA1B7-8700-4858-AA08-EDE3352F0812}.Debug|Any CPU.Build.0 = Debug|Any CPU
		{3FBAA1B7-8700-4858-AA08-EDE3352F0812}.Release|Any CPU.ActiveCfg = Release|Any CPU
		{3FBAA1B7-8700-4858-AA08-EDE3352F0812}.Release|Any CPU.Build.0 = Release|Any CPU
		{8EA3BC64-8F30-442B-92F9-E2C0EE45FE3E}.Debug|Any CPU.ActiveCfg = Debug|Any CPU
		{8EA3BC64-8F30-442B-92F9-E2C0EE45FE3E}.Debug|Any CPU.Build.0 = Debug|Any CPU
		{8EA3BC64-8F30-442B-92F9-E2C0EE45FE3E}.Release|Any CPU.ActiveCfg = Release|Any CPU
		{8EA3BC64-8F30-442B-92F9-E2C0EE45FE3E}.Release|Any CPU.Build.0 = Release|Any CPU
		{2B63D38A-079E-451E-9D6A-E1551A2F3961}.Debug|Any CPU.ActiveCfg = Debug|Any CPU
		{2B63D38A-079E-451E-9D6A-E1551A2F3961}.Debug|Any CPU.Build.0 = Debug|Any CPU
		{2B63D38A-079E-451E-9D6A-E1551A2F3961}.Release|Any CPU.ActiveCfg = Release|Any CPU
		{2B63D38A-079E-451E-9D6A-E1551A2F3961}.Release|Any CPU.Build.0 = Release|Any CPU
	EndGlobalSection
	GlobalSection(SolutionProperties) = preSolution
		HideSolutionNode = FALSE
	EndGlobalSection
	GlobalSection(ExtensibilityGlobals) = postSolution
		SolutionGuid = {FFF175CF-B859-4D91-8FEE-CB5AB0913395}
	EndGlobalSection
EndGlobal
